
Microsoft Visual Studio Solution File, Format Version 12.00
# Visual Studio Version 16
VisualStudioVersion = 16.0.32802.440
MinimumVisualStudioVersion = 10.0.40219.1
Project("{9A19103F-16F7-4668-BE54-9A1E7A4F7556}") = "Obligatorio", "Obligatorio\Obligatorio.csproj", "{75BF3136-E5B9-4E3C-A6F6-CB8B25868AF6}"
EndProject
Project("{9A19103F-16F7-4668-BE54-9A1E7A4F7556}") = "Dominio", "Dominio\Dominio.csproj", "{9CB20959-9CE6-4D4E-9602-336BD78A3FAC}"
EndProject
Project("{FAE04EC0-301F-11D3-BF4B-00C04F79EFBC}") = "WebApplication", "WebApplication\WebApplication.csproj", "{CFA65F21-0D83-4F4B-8BC7-510D4C0D36B4}"
EndProject
Global
	GlobalSection(SolutionConfigurationPlatforms) = preSolution
		Debug|Any CPU = Debug|Any CPU
		Release|Any CPU = Release|Any CPU
	EndGlobalSection
	GlobalSection(ProjectConfigurationPlatforms) = postSolution
		{75BF3136-E5B9-4E3C-A6F6-CB8B25868AF6}.Debug|Any CPU.ActiveCfg = Debug|Any CPU
		{75BF3136-E5B9-4E3C-A6F6-CB8B25868AF6}.Debug|Any CPU.Build.0 = Debug|Any CPU
		{75BF3136-E5B9-4E3C-A6F6-CB8B25868AF6}.Release|Any CPU.ActiveCfg = Release|Any CPU
		{75BF3136-E5B9-4E3C-A6F6-CB8B25868AF6}.Release|Any CPU.Build.0 = Release|Any CPU
		{9CB20959-9CE6-4D4E-9602-336BD78A3FAC}.Debug|Any CPU.ActiveCfg = Debug|Any CPU
		{9CB20959-9CE6-4D4E-9602-336BD78A3FAC}.Debug|Any CPU.Build.0 = Debug|Any CPU
		{9CB20959-9CE6-4D4E-9602-336BD78A3FAC}.Release|Any CPU.ActiveCfg = Release|Any CPU
		{9CB20959-9CE6-4D4E-9602-336BD78A3FAC}.Release|Any CPU.Build.0 = Release|Any CPU
		{CFA65F21-0D83-4F4B-8BC7-510D4C0D36B4}.Debug|Any CPU.ActiveCfg = Debug|Any CPU
		{CFA65F21-0D83-4F4B-8BC7-510D4C0D36B4}.Debug|Any CPU.Build.0 = Debug|Any CPU
		{CFA65F21-0D83-4F4B-8BC7-510D4C0D36B4}.Release|Any CPU.ActiveCfg = Release|Any CPU
		{CFA65F21-0D83-4F4B-8BC7-510D4C0D36B4}.Release|Any CPU.Build.0 = Release|Any CPU
	EndGlobalSection
	GlobalSection(SolutionProperties) = preSolution
		HideSolutionNode = FALSE
	EndGlobalSection
	GlobalSection(ExtensibilityGlobals) = postSolution
		SolutionGuid = {1D48D0AC-0633-4CBD-B5C7-373138AA89DE}
	EndGlobalSection
EndGlobal
